
Microsoft Visual Studio Solution File, Format Version 12.00
# Blend for Visual Studio Version 17
VisualStudioVersion = 17.6.33723.286
MinimumVisualStudioVersion = 10.0.40219.1
Project("{9A19103F-16F7-4668-BE54-9A1E7A4F7556}") = "OpenHeroSelectGUI", "OpenHeroSelectGUI.csproj", "{AEBC60D9-4970-4E67-8A99-FEA936867745}"
EndProject
Global
	GlobalSection(SolutionConfigurationPlatforms) = preSolution
		Debug|ARM64 = Debug|ARM64
		Debug|x64 = Debug|x64
		Debug|x86 = Debug|x86
		Release|ARM64 = Release|ARM64
		Release|x64 = Release|x64
		Release|x86 = Release|x86
	EndGlobalSection
	GlobalSection(ProjectConfigurationPlatforms) = postSolution
		{AEBC60D9-4970-4E67-8A99-FEA936867745}.Debug|ARM64.ActiveCfg = Debug|ARM64
		{AEBC60D9-4970-4E67-8A99-FEA936867745}.Debug|ARM64.Build.0 = Debug|ARM64
		{AEBC60D9-4970-4E67-8A99-FEA936867745}.Debug|ARM64.Deploy.0 = Debug|ARM64
		{AEBC60D9-4970-4E67-8A99-FEA936867745}.Debug|x64.ActiveCfg = Debug|x64
		{AEBC60D9-4970-4E67-8A99-FEA936867745}.Debug|x64.Build.0 = Debug|x64
		{AEBC60D9-4970-4E67-8A99-FEA936867745}.Debug|x64.Deploy.0 = Debug|x64
		{AEBC60D9-4970-4E67-8A99-FEA936867745}.Debug|x86.ActiveCfg = Debug|x86
		{AEBC60D9-4970-4E67-8A99-FEA936867745}.Debug|x86.Build.0 = Debug|x86
		{AEBC60D9-4970-4E67-8A99-FEA936867745}.Debug|x86.Deploy.0 = Debug|x86
		{AEBC60D9-4970-4E67-8A99-FEA936867745}.Release|ARM64.ActiveCfg = Release|ARM64
		{AEBC60D9-4970-4E67-8A99-FEA936867745}.Release|ARM64.Build.0 = Release|ARM64
		{AEBC60D9-4970-4E67-8A99-FEA936867745}.Release|ARM64.Deploy.0 = Release|ARM64
		{AEBC60D9-4970-4E67-8A99-FEA936867745}.Release|x64.ActiveCfg = Release|x64
		{AEBC60D9-4970-4E67-8A99-FEA936867745}.Release|x64.Build.0 = Release|x64
		{AEBC60D9-4970-4E67-8A99-FEA936867745}.Release|x64.Deploy.0 = Release|x64
		{AEBC60D9-4970-4E67-8A99-FEA936867745}.Release|x86.ActiveCfg = Release|x86
		{AEBC60D9-4970-4E67-8A99-FEA936867745}.Release|x86.Build.0 = Release|x86
		{AEBC60D9-4970-4E67-8A99-FEA936867745}.Release|x86.Deploy.0 = Release|x86
	EndGlobalSection
	GlobalSection(SolutionProperties) = preSolution
		HideSolutionNode = FALSE
	EndGlobalSection
	GlobalSection(ExtensibilityGlobals) = postSolution
		SolutionGuid = {CB67D231-6A42-4D04-BF0E-5F1CE1BBC152}
	EndGlobalSection
EndGlobal
