
Microsoft Visual Studio Solution File, Format Version 12.00
# Visual Studio Version 17
VisualStudioVersion = 17.4.33213.308
MinimumVisualStudioVersion = 10.0.40219.1
Project("{9A19103F-16F7-4668-BE54-9A1E7A4F7556}") = "OpenHeroSelectGUI", "OpenHeroSelectGUI.csproj", "{D49873A1-F564-4991-BC4F-CCA6A8027B65}"
EndProject
Global
	GlobalSection(SolutionConfigurationPlatforms) = preSolution
		Debug|Any CPU = Debug|Any CPU
		Release|Any CPU = Release|Any CPU
	EndGlobalSection
	GlobalSection(ProjectConfigurationPlatforms) = postSolution
		{D49873A1-F564-4991-BC4F-CCA6A8027B65}.Debug|Any CPU.ActiveCfg = Release|Any CPU
		{D49873A1-F564-4991-BC4F-CCA6A8027B65}.Debug|Any CPU.Build.0 = Release|Any CPU
		{D49873A1-F564-4991-BC4F-CCA6A8027B65}.Release|Any CPU.ActiveCfg = Release|Any CPU
		{D49873A1-F564-4991-BC4F-CCA6A8027B65}.Release|Any CPU.Build.0 = Release|Any CPU
	EndGlobalSection
	GlobalSection(SolutionProperties) = preSolution
		HideSolutionNode = FALSE
	EndGlobalSection
	GlobalSection(ExtensibilityGlobals) = postSolution
		SolutionGuid = {CC44AD80-9B11-4032-8000-719E6824EC4E}
	EndGlobalSection
EndGlobal
